
Microsoft Visual Studio Solution File, Format Version 12.00
# Visual Studio 14
VisualStudioVersion = 14.0.25420.1
MinimumVisualStudioVersion = 10.0.40219.1
Project("{FAE04EC0-301F-11D3-BF4B-00C04F79EFBC}") = "kodutöö_02", "kodutöö_02\kodutöö_02.csproj", "{6EADBCB6-7256-4B06-8F7D-300959E42522}"
EndProject
Project("{FAE04EC0-301F-11D3-BF4B-00C04F79EFBC}") = "ShortTests", "UnitTestProject1\ShortTests.csproj", "{C3DF6039-17F7-4E2A-9E48-BDB4B137A9A0}"
EndProject
Global
	GlobalSection(SolutionConfigurationPlatforms) = preSolution
		Debug|Any CPU = Debug|Any CPU
		Release|Any CPU = Release|Any CPU
	EndGlobalSection
	GlobalSection(ProjectConfigurationPlatforms) = postSolution
		{6EADBCB6-7256-4B06-8F7D-300959E42522}.Debug|Any CPU.ActiveCfg = Debug|Any CPU
		{6EADBCB6-7256-4B06-8F7D-300959E42522}.Debug|Any CPU.Build.0 = Debug|Any CPU
		{6EADBCB6-7256-4B06-8F7D-300959E42522}.Release|Any CPU.ActiveCfg = Release|Any CPU
		{6EADBCB6-7256-4B06-8F7D-300959E42522}.Release|Any CPU.Build.0 = Release|Any CPU
		{C3DF6039-17F7-4E2A-9E48-BDB4B137A9A0}.Debug|Any CPU.ActiveCfg = Debug|Any CPU
		{C3DF6039-17F7-4E2A-9E48-BDB4B137A9A0}.Debug|Any CPU.Build.0 = Debug|Any CPU
		{C3DF6039-17F7-4E2A-9E48-BDB4B137A9A0}.Release|Any CPU.ActiveCfg = Release|Any CPU
		{C3DF6039-17F7-4E2A-9E48-BDB4B137A9A0}.Release|Any CPU.Build.0 = Release|Any CPU
	EndGlobalSection
	GlobalSection(SolutionProperties) = preSolution
		HideSolutionNode = FALSE
	EndGlobalSection
EndGlobal
