
Microsoft Visual Studio Solution File, Format Version 12.00
# Visual Studio Express 2012 for Web
Project("{FAE04EC0-301F-11D3-BF4B-00C04F79EFBC}") = "Spark", "Spark\Spark.csproj", "{7E6D34A1-2F49-4143-9972-50BF19B2F67A}"
EndProject
Global
	GlobalSection(SolutionConfigurationPlatforms) = preSolution
		Debug|Any CPU = Debug|Any CPU
		Release|Any CPU = Release|Any CPU
	EndGlobalSection
	GlobalSection(ProjectConfigurationPlatforms) = postSolution
		{7E6D34A1-2F49-4143-9972-50BF19B2F67A}.Debug|Any CPU.ActiveCfg = Debug|Any CPU
		{7E6D34A1-2F49-4143-9972-50BF19B2F67A}.Debug|Any CPU.Build.0 = Debug|Any CPU
		{7E6D34A1-2F49-4143-9972-50BF19B2F67A}.Release|Any CPU.ActiveCfg = Release|Any CPU
		{7E6D34A1-2F49-4143-9972-50BF19B2F67A}.Release|Any CPU.Build.0 = Release|Any CPU
	EndGlobalSection
	GlobalSection(SolutionProperties) = preSolution
		HideSolutionNode = FALSE
	EndGlobalSection
EndGlobal
